
Microsoft Visual Studio Solution File, Format Version 12.00
# Visual Studio Version 17
VisualStudioVersion = 17.14.36310.24
MinimumVisualStudioVersion = 10.0.40219.1
Project("{2150E333-8FDC-42A3-9474-1A3956D46DE8}") = "Host", "Host", "{02EA681E-C7D8-13C7-8484-4AC65E1B71E8}"
EndProject
Project("{2150E333-8FDC-42A3-9474-1A3956D46DE8}") = "BoundedContexts", "BoundedContexts", "{21120AEB-2612-41FB-A914-594AE94EC112}"
EndProject
Project("{2150E333-8FDC-42A3-9474-1A3956D46DE8}") = "AuthAndUser", "AuthAndUser", "{7FA03437-D720-4AD4-A1C8-947BA8F11E06}"
EndProject
Project("{FAE04EC0-301F-11D3-BF4B-00C04F79EFBC}") = "APIHost", "Host\APIHost\APIHost.csproj", "{5B28BD8B-5373-4B83-A93B-46790D19DBE8}"
EndProject
Project("{2150E333-8FDC-42A3-9474-1A3956D46DE8}") = "Shared", "Shared", "{146B75D7-33D7-40EF-87B7-D48F3E7B1D98}"
EndProject
Project("{FAE04EC0-301F-11D3-BF4B-00C04F79EFBC}") = "Shared.MongoInfrastructure", "Shared\Shared.MongoInfrastructure\Shared.MongoInfrastructure.csproj", "{BAFAD40B-9FC0-47C0-8767-4DFAAD1EDBAD}"
EndProject
Project("{FAE04EC0-301F-11D3-BF4B-00C04F79EFBC}") = "AuthAndUser.API", "BoundedContexts\AuthAndUser\AuthAndUser.API\AuthAndUser.API.csproj", "{652F01D8-586E-35C5-CEBA-B1CCA3FADDE7}"
EndProject
Project("{FAE04EC0-301F-11D3-BF4B-00C04F79EFBC}") = "AuthAndUser.Application", "BoundedContexts\AuthAndUser\AuthAndUser.Application\AuthAndUser.Application.csproj", "{252F573B-9C86-EB27-9054-F511BE01CB0A}"
EndProject
Project("{FAE04EC0-301F-11D3-BF4B-00C04F79EFBC}") = "AuthAndUser.Domain", "BoundedContexts\AuthAndUser\AuthAndUser.Domain\AuthAndUser.Domain.csproj", "{30197BA5-4AA7-D36C-1FD5-47B9076F21EC}"
EndProject
Project("{FAE04EC0-301F-11D3-BF4B-00C04F79EFBC}") = "AuthAndUser.Infrastructure", "BoundedContexts\AuthAndUser\AuthAndUser.Infrastructure\AuthAndUser.Infrastructure.csproj", "{AD045831-B08B-BF08-9F6A-F012EA3DEFE7}"
EndProject
Global
	GlobalSection(SolutionConfigurationPlatforms) = preSolution
		Debug|Any CPU = Debug|Any CPU
		Release|Any CPU = Release|Any CPU
	EndGlobalSection
	GlobalSection(ProjectConfigurationPlatforms) = postSolution
		{5B28BD8B-5373-4B83-A93B-46790D19DBE8}.Debug|Any CPU.ActiveCfg = Debug|Any CPU
		{5B28BD8B-5373-4B83-A93B-46790D19DBE8}.Debug|Any CPU.Build.0 = Debug|Any CPU
		{5B28BD8B-5373-4B83-A93B-46790D19DBE8}.Release|Any CPU.ActiveCfg = Release|Any CPU
		{5B28BD8B-5373-4B83-A93B-46790D19DBE8}.Release|Any CPU.Build.0 = Release|Any CPU
		{BAFAD40B-9FC0-47C0-8767-4DFAAD1EDBAD}.Debug|Any CPU.ActiveCfg = Debug|Any CPU
		{BAFAD40B-9FC0-47C0-8767-4DFAAD1EDBAD}.Debug|Any CPU.Build.0 = Debug|Any CPU
		{BAFAD40B-9FC0-47C0-8767-4DFAAD1EDBAD}.Release|Any CPU.ActiveCfg = Release|Any CPU
		{BAFAD40B-9FC0-47C0-8767-4DFAAD1EDBAD}.Release|Any CPU.Build.0 = Release|Any CPU
		{652F01D8-586E-35C5-CEBA-B1CCA3FADDE7}.Debug|Any CPU.ActiveCfg = Debug|Any CPU
		{652F01D8-586E-35C5-CEBA-B1CCA3FADDE7}.Debug|Any CPU.Build.0 = Debug|Any CPU
		{652F01D8-586E-35C5-CEBA-B1CCA3FADDE7}.Release|Any CPU.ActiveCfg = Release|Any CPU
		{652F01D8-586E-35C5-CEBA-B1CCA3FADDE7}.Release|Any CPU.Build.0 = Release|Any CPU
		{252F573B-9C86-EB27-9054-F511BE01CB0A}.Debug|Any CPU.ActiveCfg = Debug|Any CPU
		{252F573B-9C86-EB27-9054-F511BE01CB0A}.Debug|Any CPU.Build.0 = Debug|Any CPU
		{252F573B-9C86-EB27-9054-F511BE01CB0A}.Release|Any CPU.ActiveCfg = Release|Any CPU
		{252F573B-9C86-EB27-9054-F511BE01CB0A}.Release|Any CPU.Build.0 = Release|Any CPU
		{30197BA5-4AA7-D36C-1FD5-47B9076F21EC}.Debug|Any CPU.ActiveCfg = Debug|Any CPU
		{30197BA5-4AA7-D36C-1FD5-47B9076F21EC}.Debug|Any CPU.Build.0 = Debug|Any CPU
		{30197BA5-4AA7-D36C-1FD5-47B9076F21EC}.Release|Any CPU.ActiveCfg = Release|Any CPU
		{30197BA5-4AA7-D36C-1FD5-47B9076F21EC}.Release|Any CPU.Build.0 = Release|Any CPU
		{AD045831-B08B-BF08-9F6A-F012EA3DEFE7}.Debug|Any CPU.ActiveCfg = Debug|Any CPU
		{AD045831-B08B-BF08-9F6A-F012EA3DEFE7}.Debug|Any CPU.Build.0 = Debug|Any CPU
		{AD045831-B08B-BF08-9F6A-F012EA3DEFE7}.Release|Any CPU.ActiveCfg = Release|Any CPU
		{AD045831-B08B-BF08-9F6A-F012EA3DEFE7}.Release|Any CPU.Build.0 = Release|Any CPU
	EndGlobalSection
	GlobalSection(SolutionProperties) = preSolution
		HideSolutionNode = FALSE
	EndGlobalSection
	GlobalSection(NestedProjects) = preSolution
		{7FA03437-D720-4AD4-A1C8-947BA8F11E06} = {21120AEB-2612-41FB-A914-594AE94EC112}
		{5B28BD8B-5373-4B83-A93B-46790D19DBE8} = {02EA681E-C7D8-13C7-8484-4AC65E1B71E8}
		{BAFAD40B-9FC0-47C0-8767-4DFAAD1EDBAD} = {146B75D7-33D7-40EF-87B7-D48F3E7B1D98}
		{652F01D8-586E-35C5-CEBA-B1CCA3FADDE7} = {7FA03437-D720-4AD4-A1C8-947BA8F11E06}
		{252F573B-9C86-EB27-9054-F511BE01CB0A} = {7FA03437-D720-4AD4-A1C8-947BA8F11E06}
		{30197BA5-4AA7-D36C-1FD5-47B9076F21EC} = {7FA03437-D720-4AD4-A1C8-947BA8F11E06}
		{AD045831-B08B-BF08-9F6A-F012EA3DEFE7} = {7FA03437-D720-4AD4-A1C8-947BA8F11E06}
	EndGlobalSection
	GlobalSection(ExtensibilityGlobals) = postSolution
		SolutionGuid = {3B170C16-8DB2-48D8-BA30-4F8DAE0DB34B}
	EndGlobalSection
EndGlobal
