
Microsoft Visual Studio Solution File, Format Version 12.00
# Visual Studio Version 17
VisualStudioVersion = 17.14.36310.24
MinimumVisualStudioVersion = 10.0.40219.1
Project("{2150E333-8FDC-42A3-9474-1A3956D46DE8}") = "Host", "Host", "{02EA681E-C7D8-13C7-8484-4AC65E1B71E8}"
EndProject
Project("{2150E333-8FDC-42A3-9474-1A3956D46DE8}") = "BoundedContexts", "BoundedContexts", "{21120AEB-2612-41FB-A914-594AE94EC112}"
EndProject
Project("{2150E333-8FDC-42A3-9474-1A3956D46DE8}") = "Auth", "Auth", "{7FA03437-D720-4AD4-A1C8-947BA8F11E06}"
EndProject
Project("{FAE04EC0-301F-11D3-BF4B-00C04F79EFBC}") = "APIHost", "Host\APIHost\APIHost.csproj", "{5B28BD8B-5373-4B83-A93B-46790D19DBE8}"
EndProject
Project("{FAE04EC0-301F-11D3-BF4B-00C04F79EFBC}") = "Auth.API", "BoundedContexts\Auth\Auth.API\Auth.API.csproj", "{2C084B35-6202-4805-9194-4157816E3AE7}"
EndProject
Project("{FAE04EC0-301F-11D3-BF4B-00C04F79EFBC}") = "Auth.Application", "BoundedContexts\Auth\Auth.Application\Auth.Application.csproj", "{875D4D70-C985-4B98-BECB-8EF357EA6212}"
EndProject
Project("{FAE04EC0-301F-11D3-BF4B-00C04F79EFBC}") = "Auth.Domain", "BoundedContexts\Auth\Auth.Domain\Auth.Domain.csproj", "{FE76B5BF-C5A8-45A1-AE3F-290BA37E20A7}"
EndProject
Project("{FAE04EC0-301F-11D3-BF4B-00C04F79EFBC}") = "Auth.Infrastructure", "BoundedContexts\Auth\Auth.Infrastructure\Auth.Infrastructure.csproj", "{EE9C19FB-6889-4B52-B03F-0E0349D00161}"
EndProject
Project("{2150E333-8FDC-42A3-9474-1A3956D46DE8}") = "Shared", "Shared", "{146B75D7-33D7-40EF-87B7-D48F3E7B1D98}"
EndProject
Project("{FAE04EC0-301F-11D3-BF4B-00C04F79EFBC}") = "Shared.MongoInfrastructure", "Shared\Shared.MongoInfrastructure\Shared.MongoInfrastructure.csproj", "{BAFAD40B-9FC0-47C0-8767-4DFAAD1EDBAD}"
EndProject
Global
	GlobalSection(SolutionConfigurationPlatforms) = preSolution
		Debug|Any CPU = Debug|Any CPU
		Release|Any CPU = Release|Any CPU
	EndGlobalSection
	GlobalSection(ProjectConfigurationPlatforms) = postSolution
		{5B28BD8B-5373-4B83-A93B-46790D19DBE8}.Debug|Any CPU.ActiveCfg = Debug|Any CPU
		{5B28BD8B-5373-4B83-A93B-46790D19DBE8}.Debug|Any CPU.Build.0 = Debug|Any CPU
		{5B28BD8B-5373-4B83-A93B-46790D19DBE8}.Release|Any CPU.ActiveCfg = Release|Any CPU
		{5B28BD8B-5373-4B83-A93B-46790D19DBE8}.Release|Any CPU.Build.0 = Release|Any CPU
		{2C084B35-6202-4805-9194-4157816E3AE7}.Debug|Any CPU.ActiveCfg = Debug|Any CPU
		{2C084B35-6202-4805-9194-4157816E3AE7}.Debug|Any CPU.Build.0 = Debug|Any CPU
		{2C084B35-6202-4805-9194-4157816E3AE7}.Release|Any CPU.ActiveCfg = Release|Any CPU
		{2C084B35-6202-4805-9194-4157816E3AE7}.Release|Any CPU.Build.0 = Release|Any CPU
		{875D4D70-C985-4B98-BECB-8EF357EA6212}.Debug|Any CPU.ActiveCfg = Debug|Any CPU
		{875D4D70-C985-4B98-BECB-8EF357EA6212}.Debug|Any CPU.Build.0 = Debug|Any CPU
		{875D4D70-C985-4B98-BECB-8EF357EA6212}.Release|Any CPU.ActiveCfg = Release|Any CPU
		{875D4D70-C985-4B98-BECB-8EF357EA6212}.Release|Any CPU.Build.0 = Release|Any CPU
		{FE76B5BF-C5A8-45A1-AE3F-290BA37E20A7}.Debug|Any CPU.ActiveCfg = Debug|Any CPU
		{FE76B5BF-C5A8-45A1-AE3F-290BA37E20A7}.Debug|Any CPU.Build.0 = Debug|Any CPU
		{FE76B5BF-C5A8-45A1-AE3F-290BA37E20A7}.Release|Any CPU.ActiveCfg = Release|Any CPU
		{FE76B5BF-C5A8-45A1-AE3F-290BA37E20A7}.Release|Any CPU.Build.0 = Release|Any CPU
		{EE9C19FB-6889-4B52-B03F-0E0349D00161}.Debug|Any CPU.ActiveCfg = Debug|Any CPU
		{EE9C19FB-6889-4B52-B03F-0E0349D00161}.Debug|Any CPU.Build.0 = Debug|Any CPU
		{EE9C19FB-6889-4B52-B03F-0E0349D00161}.Release|Any CPU.ActiveCfg = Release|Any CPU
		{EE9C19FB-6889-4B52-B03F-0E0349D00161}.Release|Any CPU.Build.0 = Release|Any CPU
		{BAFAD40B-9FC0-47C0-8767-4DFAAD1EDBAD}.Debug|Any CPU.ActiveCfg = Debug|Any CPU
		{BAFAD40B-9FC0-47C0-8767-4DFAAD1EDBAD}.Debug|Any CPU.Build.0 = Debug|Any CPU
		{BAFAD40B-9FC0-47C0-8767-4DFAAD1EDBAD}.Release|Any CPU.ActiveCfg = Release|Any CPU
		{BAFAD40B-9FC0-47C0-8767-4DFAAD1EDBAD}.Release|Any CPU.Build.0 = Release|Any CPU
	EndGlobalSection
	GlobalSection(SolutionProperties) = preSolution
		HideSolutionNode = FALSE
	EndGlobalSection
	GlobalSection(NestedProjects) = preSolution
		{7FA03437-D720-4AD4-A1C8-947BA8F11E06} = {21120AEB-2612-41FB-A914-594AE94EC112}
		{5B28BD8B-5373-4B83-A93B-46790D19DBE8} = {02EA681E-C7D8-13C7-8484-4AC65E1B71E8}
		{2C084B35-6202-4805-9194-4157816E3AE7} = {7FA03437-D720-4AD4-A1C8-947BA8F11E06}
		{875D4D70-C985-4B98-BECB-8EF357EA6212} = {7FA03437-D720-4AD4-A1C8-947BA8F11E06}
		{FE76B5BF-C5A8-45A1-AE3F-290BA37E20A7} = {7FA03437-D720-4AD4-A1C8-947BA8F11E06}
		{EE9C19FB-6889-4B52-B03F-0E0349D00161} = {7FA03437-D720-4AD4-A1C8-947BA8F11E06}
		{BAFAD40B-9FC0-47C0-8767-4DFAAD1EDBAD} = {146B75D7-33D7-40EF-87B7-D48F3E7B1D98}
	EndGlobalSection
	GlobalSection(ExtensibilityGlobals) = postSolution
		SolutionGuid = {3B170C16-8DB2-48D8-BA30-4F8DAE0DB34B}
	EndGlobalSection
EndGlobal
